{
  "version": 4,
  "terraform_version": "1.15.7",
  "serial": 5,
  "lineage": "b028b928-7fa9-2e9d-dad2-fcc6618ccb34",
  "outputs": {
    "terraform_state_bucket_arn": {
      "value": "arn:aws:s3:::aws-hybrid-iac-lab-terraform-state-537236558357",
      "type": "string"
    },
    "terraform_state_bucket_name": {
      "value": "aws-hybrid-iac-lab-terraform-state-537236558357",
      "type": "string"
    }
  },
  "resources": [
    {
      "mode": "managed",
      "type": "aws_s3_bucket",
      "name": "terraform_state",
      "provider": "provider[\"registry.terraform.io/hashicorp/aws\"]",
      "instances": [
        {
          "schema_version": 0,
          "attributes": {
            "acceleration_status": "",
            "acl": null,
            "arn": "arn:aws:s3:::aws-hybrid-iac-lab-terraform-state-537236558357",
            "bucket": "aws-hybrid-iac-lab-terraform-state-537236558357",
            "bucket_domain_name": "aws-hybrid-iac-lab-terraform-state-537236558357.s3.amazonaws.com",
            "bucket_namespace": "global",
            "bucket_prefix": "",
            "bucket_region": "us-east-1",
            "bucket_regional_domain_name": "aws-hybrid-iac-lab-terraform-state-537236558357.s3.us-east-1.amazonaws.com",
            "cors_rule": [],
            "force_destroy": false,
            "grant": [
              {
                "id": "b20e98ecba2df4854187fc45459e17c14f869175351d89b8df1163a80e01e57b",
                "permissions": [
                  "FULL_CONTROL"
                ],
                "type": "CanonicalUser",
                "uri": ""
              }
            ],
            "hosted_zone_id": "Z3AQBSTGFYJSTF",
            "id": "aws-hybrid-iac-lab-terraform-state-537236558357",
            "lifecycle_rule": [],
            "logging": [],
            "object_lock_configuration": [],
            "object_lock_enabled": false,
            "policy": "",
            "region": "us-east-1",
            "replication_configuration": [],
            "request_payer": "BucketOwner",
            "server_side_encryption_configuration": [
              {
                "rule": [
                  {
                    "apply_server_side_encryption_by_default": [
                      {
                        "kms_master_key_id": "",
                        "sse_algorithm": "AES256"
                      }
                    ],
                    "bucket_key_enabled": false
                  }
                ]
              }
            ],
            "tags": {
              "Environment": "dev",
              "ManagedBy": "Terraform-Bootstrap",
              "Name": "aws-hybrid-iac-lab-terraform-state-537236558357",
              "Project": "hybridiaclab",
              "Purpose": "Terraform Remote State"
            },
            "tags_all": {
              "Environment": "dev",
              "ManagedBy": "Terraform-Bootstrap",
              "Name": "aws-hybrid-iac-lab-terraform-state-537236558357",
              "Project": "hybridiaclab",
              "Purpose": "Terraform Remote State"
            },
            "timeouts": null,
            "versioning": [
              {
                "enabled": false,
                "mfa_delete": false
              }
            ],
            "website": [],
            "website_domain": null,
            "website_endpoint": null
          },
          "sensitive_attributes": [],
          "identity_schema_version": 0,
          "identity": {
            "account_id": "537236558357",
            "bucket": "aws-hybrid-iac-lab-terraform-state-537236558357",
            "region": "us-east-1"
          },
          "private": "eyJlMmJmYjczMC1lY2FhLTExZTYtOGY4OC0zNDM2M2JjN2M0YzAiOnsiY3JlYXRlIjoxMjAwMDAwMDAwMDAwLCJkZWxldGUiOjM2MDAwMDAwMDAwMDAsInJlYWQiOjEyMDAwMDAwMDAwMDAsInVwZGF0ZSI6MTIwMDAwMDAwMDAwMH19"
        }
      ]
    },
    {
      "mode": "managed",
      "type": "aws_s3_bucket_public_access_block",
      "name": "terraform_state",
      "provider": "provider[\"registry.terraform.io/hashicorp/aws\"]",
      "instances": [
        {
          "schema_version": 0,
          "attributes": {
            "block_public_acls": true,
            "block_public_policy": true,
            "bucket": "aws-hybrid-iac-lab-terraform-state-537236558357",
            "id": "aws-hybrid-iac-lab-terraform-state-537236558357",
            "ignore_public_acls": true,
            "region": "us-east-1",
            "restrict_public_buckets": true,
            "skip_destroy": null
          },
          "sensitive_attributes": [],
          "identity_schema_version": 0,
          "identity": {
            "account_id": "537236558357",
            "bucket": "aws-hybrid-iac-lab-terraform-state-537236558357",
            "region": "us-east-1"
          },
          "private": "bnVsbA==",
          "dependencies": [
            "aws_s3_bucket.terraform_state"
          ]
        }
      ]
    },
    {
      "mode": "managed",
      "type": "aws_s3_bucket_server_side_encryption_configuration",
      "name": "terraform_state",
      "provider": "provider[\"registry.terraform.io/hashicorp/aws\"]",
      "instances": [
        {
          "schema_version": 0,
          "attributes": {
            "bucket": "aws-hybrid-iac-lab-terraform-state-537236558357",
            "expected_bucket_owner": "",
            "id": "aws-hybrid-iac-lab-terraform-state-537236558357",
            "region": "us-east-1",
            "rule": [
              {
                "apply_server_side_encryption_by_default": [
                  {
                    "kms_master_key_id": "",
                    "sse_algorithm": "AES256"
                  }
                ],
                "blocked_encryption_types": [
                  "SSE-C"
                ],
                "bucket_key_enabled": false
              }
            ]
          },
          "sensitive_attributes": [],
          "identity_schema_version": 1,
          "identity": {
            "account_id": "537236558357",
            "bucket": "aws-hybrid-iac-lab-terraform-state-537236558357",
            "region": "us-east-1"
          },
          "private": "bnVsbA==",
          "dependencies": [
            "aws_s3_bucket.terraform_state"
          ]
        }
      ]
    },
    {
      "mode": "managed",
      "type": "aws_s3_bucket_versioning",
      "name": "terraform_state",
      "provider": "provider[\"registry.terraform.io/hashicorp/aws\"]",
      "instances": [
        {
          "schema_version": 0,
          "attributes": {
            "bucket": "aws-hybrid-iac-lab-terraform-state-537236558357",
            "expected_bucket_owner": "",
            "id": "aws-hybrid-iac-lab-terraform-state-537236558357",
            "mfa": null,
            "region": "us-east-1",
            "versioning_configuration": [
              {
                "mfa_delete": "Disabled",
                "status": "Enabled"
              }
            ]
          },
          "sensitive_attributes": [],
          "identity_schema_version": 1,
          "identity": {
            "account_id": "537236558357",
            "bucket": "aws-hybrid-iac-lab-terraform-state-537236558357",
            "region": "us-east-1"
          },
          "private": "bnVsbA==",
          "dependencies": [
            "aws_s3_bucket.terraform_state"
          ]
        }
      ]
    }
  ],
  "check_results": null
}
